
Microsoft Visual Studio Solution File, Format Version 12.00
# Visual Studio Version 17
VisualStudioVersion = 17.11.35327.3
MinimumVisualStudioVersion = 10.0.40219.1
Project("{2150E333-8FDC-42A3-9474-1A3956D46DE8}") = "Solution Items", "Solution Items", "{A5779505-038E-4A77-BDB9-577F949ED2D6}"
	ProjectSection(SolutionItems) = preProject
		Generate-ReleaseNotes.bat = Generate-ReleaseNotes.bat
		PackageReadme.md = PackageReadme.md
		PackageReleaseNotes.template = PackageReleaseNotes.template
		PackageReleaseNotes.txt = PackageReleaseNotes.txt
		Readme.md = Readme.md
		ReleaseNotes.md = ReleaseNotes.md
	EndProjectSection
EndProject
Project("{2150E333-8FDC-42A3-9474-1A3956D46DE8}") = "src", "src", "{6D07EE07-50C0-42D0-8349-CB5FA198E4EC}"
EndProject
Project("{9A19103F-16F7-4668-BE54-9A1E7A4F7556}") = "Stef.Extensions.SpecFlow.Logging", "src\Stef.Extensions.SpecFlow.Logging\Stef.Extensions.SpecFlow.Logging.csproj", "{F7C794C9-2B88-4C4D-8075-E4309F19C033}"
EndProject
Project("{2150E333-8FDC-42A3-9474-1A3956D46DE8}") = "tests", "tests", "{6E68E514-57AD-4B18-B9BB-70D4FF6AB5A5}"
EndProject
Global
	GlobalSection(SolutionConfigurationPlatforms) = preSolution
		Debug|Any CPU = Debug|Any CPU
		Release|Any CPU = Release|Any CPU
	EndGlobalSection
	GlobalSection(ProjectConfigurationPlatforms) = postSolution
		{F7C794C9-2B88-4C4D-8075-E4309F19C033}.Debug|Any CPU.ActiveCfg = Debug|Any CPU
		{F7C794C9-2B88-4C4D-8075-E4309F19C033}.Debug|Any CPU.Build.0 = Debug|Any CPU
		{F7C794C9-2B88-4C4D-8075-E4309F19C033}.Release|Any CPU.ActiveCfg = Release|Any CPU
		{F7C794C9-2B88-4C4D-8075-E4309F19C033}.Release|Any CPU.Build.0 = Release|Any CPU
	EndGlobalSection
	GlobalSection(SolutionProperties) = preSolution
		HideSolutionNode = FALSE
	EndGlobalSection
	GlobalSection(NestedProjects) = preSolution
		{F7C794C9-2B88-4C4D-8075-E4309F19C033} = {6D07EE07-50C0-42D0-8349-CB5FA198E4EC}
	EndGlobalSection
	GlobalSection(ExtensibilityGlobals) = postSolution
		SolutionGuid = {5DFCA7E7-6FFC-4404-BE43-0E76FD618462}
	EndGlobalSection
EndGlobal
